Microsoft Visual Studio Solution File, Format Version 12.00
# Visual Studio Version 17
VisualStudioVersion = 17.5.2.0
MinimumVisualStudioVersion = 10.0.40219.1
Project("{FAE04EC0-301F-11D3-BF4B-00C04F79EFBC}") = "helloweb", "helloweb.csproj", "{40E2EC35-116D-44B7-7BF4-B3434D5D9105}"
EndProject
Global
	GlobalSection(SolutionConfigurationPlatforms) = preSolution
		Debug|Any CPU = Debug|Any CPU
		Release|Any CPU = Release|Any CPU
	EndGlobalSection
	GlobalSection(ProjectConfigurationPlatforms) = postSolution
		{40E2EC35-116D-44B7-7BF4-B3434D5D9105}.Debug|Any CPU.ActiveCfg = Debug|Any CPU
		{40E2EC35-116D-44B7-7BF4-B3434D5D9105}.Debug|Any CPU.Build.0 = Debug|Any CPU
		{40E2EC35-116D-44B7-7BF4-B3434D5D9105}.Release|Any CPU.ActiveCfg = Release|Any CPU
		{40E2EC35-116D-44B7-7BF4-B3434D5D9105}.Release|Any CPU.Build.0 = Release|Any CPU
	EndGlobalSection
	GlobalSection(SolutionProperties) = preSolution
		HideSolutionNode = FALSE
	EndGlobalSection
	GlobalSection(ExtensibilityGlobals) = postSolution
		SolutionGuid = {F7C8A41D-EFAF-485B-B1ED-E3F8AE831873}
	EndGlobalSection
EndGlobal
